
Microsoft Visual Studio Solution File, Format Version 12.00
# Visual Studio Version 16
VisualStudioVersion = 16.0.31410.357
MinimumVisualStudioVersion = 10.0.40219.1
Project("{D954291E-2A0B-460D-934E-DC6B0785DB48}") = "POSUNO.Shared", "POSUNO\POSUNO.Shared\POSUNO.Shared.shproj", "{6279C845-92F8-4333-AB99-3D213163593C}"
EndProject
Project("{2150E333-8FDC-42A3-9474-1A3956D46DE8}") = "Platforms", "Platforms", "{D606AE62-3B9D-4C90-83CA-076D81F0363A}"
EndProject
Project("{FAE04EC0-301F-11D3-BF4B-00C04F79EFBC}") = "POSUNO.Droid", "POSUNO\POSUNO.Droid\POSUNO.Droid.csproj", "{86493905-F00A-4E13-B2D3-2E2D5BCEEB05}"
EndProject
Project("{FAE04EC0-301F-11D3-BF4B-00C04F79EFBC}") = "POSUNO.iOS", "POSUNO\POSUNO.iOS\POSUNO.iOS.csproj", "{149AEC6A-535E-4BD6-999D-741D430238E8}"
EndProject
Project("{FAE04EC0-301F-11D3-BF4B-00C04F79EFBC}") = "POSUNO.UWP", "POSUNO\POSUNO.UWP\POSUNO.UWP.csproj", "{C02F3483-4A2A-4893-B7E8-EA440479CEE8}"
EndProject
Project("{9A19103F-16F7-4668-BE54-9A1E7A4F7556}") = "POSUNO.Wasm", "POSUNO\POSUNO.Wasm\POSUNO.Wasm.csproj", "{017B8B6E-CD3F-4E57-992A-79A2B3C37DF0}"
EndProject
Project("{FAE04EC0-301F-11D3-BF4B-00C04F79EFBC}") = "POSUNO.macOS", "POSUNO\POSUNO.macOS\POSUNO.macOS.csproj", "{7AD112FB-D5ED-4DAD-AD4A-BD6625C201C1}"
EndProject
Project("{9A19103F-16F7-4668-BE54-9A1E7A4F7556}") = "POSUNO.Skia.Wpf.Host", "POSUNO\POSUNO.Skia.Wpf.Host\POSUNO.Skia.Wpf.Host.csproj", "{29C7EBD5-296F-4B43-BFE1-22EA9FE24DFC}"
EndProject
Project("{9A19103F-16F7-4668-BE54-9A1E7A4F7556}") = "POSUNO.Skia.Wpf", "POSUNO\POSUNO.Skia.Wpf\POSUNO.Skia.Wpf.csproj", "{EDF082FB-00F8-40D9-8D60-A3C11078C8D0}"
EndProject
Project("{9A19103F-16F7-4668-BE54-9A1E7A4F7556}") = "POSUNO.Skia.Gtk", "POSUNO\POSUNO.Skia.Gtk\POSUNO.Skia.Gtk.csproj", "{8BE19322-9043-4CCB-B5B0-7E3B8E6B9C1A}"
EndProject
Project("{9A19103F-16F7-4668-BE54-9A1E7A4F7556}") = "POSUNO.Skia.Tizen", "POSUNO\POSUNO.Skia.Tizen\POSUNO.Skia.Tizen.csproj", "{C06F0AA6-4740-41B6-834C-6CB7C3700C52}"
EndProject
Project("{FAE04EC0-301F-11D3-BF4B-00C04F79EFBC}") = "POSUNO.Api", "POSUNO.Api\POSUNO.Api.csproj", "{8BBF9FEA-85B4-4B09-B01A-9F4B5AE62507}"
EndProject
Global
	GlobalSection(SharedMSBuildProjectFiles) = preSolution
		POSUNO\POSUNO.Shared\POSUNO.Shared.projitems*{017b8b6e-cd3f-4e57-992a-79a2b3c37df0}*SharedItemsImports = 5
		POSUNO\POSUNO.Shared\POSUNO.Shared.projitems*{149aec6a-535e-4bd6-999d-741d430238e8}*SharedItemsImports = 4
		POSUNO\POSUNO.Shared\POSUNO.Shared.projitems*{6279c845-92f8-4333-ab99-3d213163593c}*SharedItemsImports = 13
		POSUNO\POSUNO.Shared\POSUNO.Shared.projitems*{7ad112fb-d5ed-4dad-ad4a-bd6625c201c1}*SharedItemsImports = 4
		POSUNO\POSUNO.Shared\POSUNO.Shared.projitems*{86493905-f00a-4e13-b2d3-2e2d5bceeb05}*SharedItemsImports = 4
		POSUNO\POSUNO.Shared\POSUNO.Shared.projitems*{8be19322-9043-4ccb-b5b0-7e3b8e6b9c1a}*SharedItemsImports = 5
		POSUNO\POSUNO.Shared\POSUNO.Shared.projitems*{c02f3483-4a2a-4893-b7e8-ea440479cee8}*SharedItemsImports = 4
		POSUNO\POSUNO.Shared\POSUNO.Shared.projitems*{c06f0aa6-4740-41b6-834c-6cb7c3700c52}*SharedItemsImports = 5
		POSUNO\POSUNO.Shared\POSUNO.Shared.projitems*{edf082fb-00f8-40d9-8d60-a3c11078c8d0}*SharedItemsImports = 5
	EndGlobalSection
	GlobalSection(SolutionConfigurationPlatforms) = preSolution
		Ad-Hoc|Any CPU = Ad-Hoc|Any CPU
		Ad-Hoc|ARM = Ad-Hoc|ARM
		Ad-Hoc|ARM64 = Ad-Hoc|ARM64
		Ad-Hoc|iPhone = Ad-Hoc|iPhone
		Ad-Hoc|iPhoneSimulator = Ad-Hoc|iPhoneSimulator
		Ad-Hoc|x64 = Ad-Hoc|x64
		Ad-Hoc|x86 = Ad-Hoc|x86
		AppStore|Any CPU = AppStore|Any CPU
		AppStore|ARM = AppStore|ARM
		AppStore|ARM64 = AppStore|ARM64
		AppStore|iPhone = AppStore|iPhone
		AppStore|iPhoneSimulator = AppStore|iPhoneSimulator
		AppStore|x64 = AppStore|x64
		AppStore|x86 = AppStore|x86
		Debug|Any CPU = Debug|Any CPU
		Debug|ARM = Debug|ARM
		Debug|ARM64 = Debug|ARM64
		Debug|iPhone = Debug|iPhone
		Debug|iPhoneSimulator = Debug|iPhoneSimulator
		Debug|x64 = Debug|x64
		Debug|x86 = Debug|x86
		Release|Any CPU = Release|Any CPU
		Release|ARM = Release|ARM
		Release|ARM64 = Release|ARM64
		Release|iPhone = Release|iPhone
		Release|iPhoneSimulator = Release|iPhoneSimulator
		Release|x64 = Release|x64
		Release|x86 = Release|x86
	EndGlobalSection
	GlobalSection(ProjectConfigurationPlatforms) = postSolution
		{86493905-F00A-4E13-B2D3-2E2D5BCEEB05}.Ad-Hoc|Any CPU.ActiveCfg = Debug|Any CPU
		{86493905-F00A-4E13-B2D3-2E2D5BCEEB05}.Ad-Hoc|Any CPU.Build.0 = Debug|Any CPU
		{86493905-F00A-4E13-B2D3-2E2D5BCEEB05}.Ad-Hoc|Any CPU.Deploy.0 = Debug|Any CPU
		{86493905-F00A-4E13-B2D3-2E2D5BCEEB05}.Ad-Hoc|ARM.ActiveCfg = Debug|Any CPU
		{86493905-F00A-4E13-B2D3-2E2D5BCEEB05}.Ad-Hoc|ARM.Build.0 = Debug|Any CPU
		{86493905-F00A-4E13-B2D3-2E2D5BCEEB05}.Ad-Hoc|ARM.Deploy.0 = Debug|Any CPU
		{86493905-F00A-4E13-B2D3-2E2D5BCEEB05}.Ad-Hoc|ARM64.ActiveCfg = Debug|Any CPU
		{86493905-F00A-4E13-B2D3-2E2D5BCEEB05}.Ad-Hoc|ARM64.Build.0 = Debug|Any CPU
		{86493905-F00A-4E13-B2D3-2E2D5BCEEB05}.Ad-Hoc|ARM64.Deploy.0 = Debug|Any CPU
		{86493905-F00A-4E13-B2D3-2E2D5BCEEB05}.Ad-Hoc|iPhone.ActiveCfg = Debug|Any CPU
		{86493905-F00A-4E13-B2D3-2E2D5BCEEB05}.Ad-Hoc|iPhone.Build.0 = Debug|Any CPU
		{86493905-F00A-4E13-B2D3-2E2D5BCEEB05}.Ad-Hoc|iPhone.Deploy.0 = Debug|Any CPU
		{86493905-F00A-4E13-B2D3-2E2D5BCEEB05}.Ad-Hoc|iPhoneSimulator.ActiveCfg = Debug|Any CPU
		{86493905-F00A-4E13-B2D3-2E2D5BCEEB05}.Ad-Hoc|iPhoneSimulator.Build.0 = Debug|Any CPU
		{86493905-F00A-4E13-B2D3-2E2D5BCEEB05}.Ad-Hoc|iPhoneSimulator.Deploy.0 = Debug|Any CPU
		{86493905-F00A-4E13-B2D3-2E2D5BCEEB05}.Ad-Hoc|x64.ActiveCfg = Debug|Any CPU
		{86493905-F00A-4E13-B2D3-2E2D5BCEEB05}.Ad-Hoc|x64.Build.0 = Debug|Any CPU
		{86493905-F00A-4E13-B2D3-2E2D5BCEEB05}.Ad-Hoc|x64.Deploy.0 = Debug|Any CPU
		{86493905-F00A-4E13-B2D3-2E2D5BCEEB05}.Ad-Hoc|x86.ActiveCfg = Debug|Any CPU
		{86493905-F00A-4E13-B2D3-2E2D5BCEEB05}.Ad-Hoc|x86.Build.0 = Debug|Any CPU
		{86493905-F00A-4E13-B2D3-2E2D5BCEEB05}.Ad-Hoc|x86.Deploy.0 = Debug|Any CPU
		{86493905-F00A-4E13-B2D3-2E2D5BCEEB05}.AppStore|Any CPU.ActiveCfg = Debug|Any CPU
		{86493905-F00A-4E13-B2D3-2E2D5BCEEB05}.AppStore|Any CPU.Build.0 = Debug|Any CPU
		{86493905-F00A-4E13-B2D3-2E2D5BCEEB05}.AppStore|Any CPU.Deploy.0 = Debug|Any CPU
		{86493905-F00A-4E13-B2D3-2E2D5BCEEB05}.AppStore|ARM.ActiveCfg = Debug|Any CPU
		{86493905-F00A-4E13-B2D3-2E2D5BCEEB05}.AppStore|ARM.Build.0 = Debug|Any CPU
		{86493905-F00A-4E13-B2D3-2E2D5BCEEB05}.AppStore|ARM.Deploy.0 = Debug|Any CPU
		{86493905-F00A-4E13-B2D3-2E2D5BCEEB05}.AppStore|ARM64.ActiveCfg = Debug|Any CPU
		{86493905-F00A-4E13-B2D3-2E2D5BCEEB05}.AppStore|ARM64.Build.0 = Debug|Any CPU
		{86493905-F00A-4E13-B2D3-2E2D5BCEEB05}.AppStore|ARM64.Deploy.0 = Debug|Any CPU
		{86493905-F00A-4E13-B2D3-2E2D5BCEEB05}.AppStore|iPhone.ActiveCfg = Debug|Any CPU
		{86493905-F00A-4E13-B2D3-2E2D5BCEEB05}.AppStore|iPhone.Build.0 = Debug|Any CPU
		{86493905-F00A-4E13-B2D3-2E2D5BCEEB05}.AppStore|iPhone.Deploy.0 = Debug|Any CPU
		{86493905-F00A-4E13-B2D3-2E2D5BCEEB05}.AppStore|iPhoneSimulator.ActiveCfg = Debug|Any CPU
		{86493905-F00A-4E13-B2D3-2E2D5BCEEB05}.AppStore|iPhoneSimulator.Build.0 = Debug|Any CPU
		{86493905-F00A-4E13-B2D3-2E2D5BCEEB05}.AppStore|iPhoneSimulator.Deploy.0 = Debug|Any CPU
		{86493905-F00A-4E13-B2D3-2E2D5BCEEB05}.AppStore|x64.ActiveCfg = Debug|Any CPU
		{86493905-F00A-4E13-B2D3-2E2D5BCEEB05}.AppStore|x64.Build.0 = Debug|Any CPU
		{86493905-F00A-4E13-B2D3-2E2D5BCEEB05}.AppStore|x64.Deploy.0 = Debug|Any CPU
		{86493905-F00A-4E13-B2D3-2E2D5BCEEB05}.AppStore|x86.ActiveCfg = Debug|Any CPU
		{86493905-F00A-4E13-B2D3-2E2D5BCEEB05}.AppStore|x86.Build.0 = Debug|Any CPU
		{86493905-F00A-4E13-B2D3-2E2D5BCEEB05}.AppStore|x86.Deploy.0 = Debug|Any CPU
		{86493905-F00A-4E13-B2D3-2E2D5BCEEB05}.Debug|Any CPU.ActiveCfg = Debug|Any CPU
		{86493905-F00A-4E13-B2D3-2E2D5BCEEB05}.Debug|Any CPU.Build.0 = Debug|Any CPU
		{86493905-F00A-4E13-B2D3-2E2D5BCEEB05}.Debug|Any CPU.Deploy.0 = Debug|Any CPU
		{86493905-F00A-4E13-B2D3-2E2D5BCEEB05}.Debug|ARM.ActiveCfg = Debug|Any CPU
		{86493905-F00A-4E13-B2D3-2E2D5BCEEB05}.Debug|ARM.Build.0 = Debug|Any CPU
		{86493905-F00A-4E13-B2D3-2E2D5BCEEB05}.Debug|ARM.Deploy.0 = Debug|Any CPU
		{86493905-F00A-4E13-B2D3-2E2D5BCEEB05}.Debug|ARM64.ActiveCfg = Debug|Any CPU
		{86493905-F00A-4E13-B2D3-2E2D5BCEEB05}.Debug|ARM64.Build.0 = Debug|Any CPU
		{86493905-F00A-4E13-B2D3-2E2D5BCEEB05}.Debug|ARM64.Deploy.0 = Debug|Any CPU
		{86493905-F00A-4E13-B2D3-2E2D5BCEEB05}.Debug|iPhone.ActiveCfg = Debug|Any CPU
		{86493905-F00A-4E13-B2D3-2E2D5BCEEB05}.Debug|iPhone.Build.0 = Debug|Any CPU
		{86493905-F00A-4E13-B2D3-2E2D5BCEEB05}.Debug|iPhone.Deploy.0 = Debug|Any CPU
		{86493905-F00A-4E13-B2D3-2E2D5BCEEB05}.Debug|iPhoneSimulator.ActiveCfg = Debug|Any CPU
		{86493905-F00A-4E13-B2D3-2E2D5BCEEB05}.Debug|iPhoneSimulator.Build.0 = Debug|Any CPU
		{86493905-F00A-4E13-B2D3-2E2D5BCEEB05}.Debug|iPhoneSimulator.Deploy.0 = Debug|Any CPU
		{86493905-F00A-4E13-B2D3-2E2D5BCEEB05}.Debug|x64.ActiveCfg = Debug|Any CPU
		{86493905-F00A-4E13-B2D3-2E2D5BCEEB05}.Debug|x64.Build.0 = Debug|Any CPU
		{86493905-F00A-4E13-B2D3-2E2D5BCEEB05}.Debug|x64.Deploy.0 = Debug|Any CPU
		{86493905-F00A-4E13-B2D3-2E2D5BCEEB05}.Debug|x86.ActiveCfg = Debug|Any CPU
		{86493905-F00A-4E13-B2D3-2E2D5BCEEB05}.Debug|x86.Build.0 = Debug|Any CPU
		{86493905-F00A-4E13-B2D3-2E2D5BCEEB05}.Debug|x86.Deploy.0 = Debug|Any CPU
		{86493905-F00A-4E13-B2D3-2E2D5BCEEB05}.Release|Any CPU.ActiveCfg = Release|Any CPU
		{86493905-F00A-4E13-B2D3-2E2D5BCEEB05}.Release|Any CPU.Build.0 = Release|Any CPU
		{86493905-F00A-4E13-B2D3-2E2D5BCEEB05}.Release|Any CPU.Deploy.0 = Release|Any CPU
		{86493905-F00A-4E13-B2D3-2E2D5BCEEB05}.Release|ARM.ActiveCfg = Release|Any CPU
		{86493905-F00A-4E13-B2D3-2E2D5BCEEB05}.Release|ARM.Build.0 = Release|Any CPU
		{86493905-F00A-4E13-B2D3-2E2D5BCEEB05}.Release|ARM.Deploy.0 = Release|Any CPU
		{86493905-F00A-4E13-B2D3-2E2D5BCEEB05}.Release|ARM64.ActiveCfg = Release|Any CPU
		{86493905-F00A-4E13-B2D3-2E2D5BCEEB05}.Release|ARM64.Build.0 = Release|Any CPU
		{86493905-F00A-4E13-B2D3-2E2D5BCEEB05}.Release|ARM64.Deploy.0 = Release|Any CPU
		{86493905-F00A-4E13-B2D3-2E2D5BCEEB05}.Release|iPhone.ActiveCfg = Release|Any CPU
		{86493905-F00A-4E13-B2D3-2E2D5BCEEB05}.Release|iPhone.Build.0 = Release|Any CPU
		{86493905-F00A-4E13-B2D3-2E2D5BCEEB05}.Release|iPhone.Deploy.0 = Release|Any CPU
		{86493905-F00A-4E13-B2D3-2E2D5BCEEB05}.Release|iPhoneSimulator.ActiveCfg = Release|Any CPU
		{86493905-F00A-4E13-B2D3-2E2D5BCEEB05}.Release|iPhoneSimulator.Build.0 = Release|Any CPU
		{86493905-F00A-4E13-B2D3-2E2D5BCEEB05}.Release|iPhoneSimulator.Deploy.0 = Release|Any CPU
		{86493905-F00A-4E13-B2D3-2E2D5BCEEB05}.Release|x64.ActiveCfg = Release|Any CPU
		{86493905-F00A-4E13-B2D3-2E2D5BCEEB05}.Release|x64.Build.0 = Release|Any CPU
		{86493905-F00A-4E13-B2D3-2E2D5BCEEB05}.Release|x64.Deploy.0 = Release|Any CPU
		{86493905-F00A-4E13-B2D3-2E2D5BCEEB05}.Release|x86.ActiveCfg = Release|Any CPU
		{86493905-F00A-4E13-B2D3-2E2D5BCEEB05}.Release|x86.Build.0 = Release|Any CPU
		{86493905-F00A-4E13-B2D3-2E2D5BCEEB05}.Release|x86.Deploy.0 = Release|Any CPU
		{149AEC6A-535E-4BD6-999D-741D430238E8}.Ad-Hoc|Any CPU.ActiveCfg = Ad-Hoc|iPhoneSimulator
		{149AEC6A-535E-4BD6-999D-741D430238E8}.Ad-Hoc|ARM.ActiveCfg = Ad-Hoc|iPhoneSimulator
		{149AEC6A-535E-4BD6-999D-741D430238E8}.Ad-Hoc|ARM64.ActiveCfg = Ad-Hoc|iPhoneSimulator
		{149AEC6A-535E-4BD6-999D-741D430238E8}.Ad-Hoc|iPhone.ActiveCfg = Ad-Hoc|iPhone
		{149AEC6A-535E-4BD6-999D-741D430238E8}.Ad-Hoc|iPhone.Build.0 = Ad-Hoc|iPhone
		{149AEC6A-535E-4BD6-999D-741D430238E8}.Ad-Hoc|iPhoneSimulator.ActiveCfg = Ad-Hoc|iPhoneSimulator
		{149AEC6A-535E-4BD6-999D-741D430238E8}.Ad-Hoc|iPhoneSimulator.Build.0 = Ad-Hoc|iPhoneSimulator
		{149AEC6A-535E-4BD6-999D-741D430238E8}.Ad-Hoc|x64.ActiveCfg = Ad-Hoc|iPhoneSimulator
		{149AEC6A-535E-4BD6-999D-741D430238E8}.Ad-Hoc|x86.ActiveCfg = Ad-Hoc|iPhoneSimulator
		{149AEC6A-535E-4BD6-999D-741D430238E8}.AppStore|Any CPU.ActiveCfg = AppStore|iPhoneSimulator
		{149AEC6A-535E-4BD6-999D-741D430238E8}.AppStore|ARM.ActiveCfg = AppStore|iPhoneSimulator
		{149AEC6A-535E-4BD6-999D-741D430238E8}.AppStore|ARM64.ActiveCfg = AppStore|iPhoneSimulator
		{149AEC6A-535E-4BD6-999D-741D430238E8}.AppStore|iPhone.ActiveCfg = AppStore|iPhone
		{149AEC6A-535E-4BD6-999D-741D430238E8}.AppStore|iPhone.Build.0 = AppStore|iPhone
		{149AEC6A-535E-4BD6-999D-741D430238E8}.AppStore|iPhoneSimulator.ActiveCfg = AppStore|iPhoneSimulator
		{149AEC6A-535E-4BD6-999D-741D430238E8}.AppStore|iPhoneSimulator.Build.0 = AppStore|iPhoneSimulator
		{149AEC6A-535E-4BD6-999D-741D430238E8}.AppStore|x64.ActiveCfg = AppStore|iPhoneSimulator
		{149AEC6A-535E-4BD6-999D-741D430238E8}.AppStore|x86.ActiveCfg = AppStore|iPhoneSimulator
		{149AEC6A-535E-4BD6-999D-741D430238E8}.Debug|Any CPU.ActiveCfg = Debug|iPhoneSimulator
		{149AEC6A-535E-4BD6-999D-741D430238E8}.Debug|ARM.ActiveCfg = Debug|iPhoneSimulator
		{149AEC6A-535E-4BD6-999D-741D430238E8}.Debug|ARM64.ActiveCfg = Debug|iPhoneSimulator
		{149AEC6A-535E-4BD6-999D-741D430238E8}.Debug|iPhone.ActiveCfg = Debug|iPhone
		{149AEC6A-535E-4BD6-999D-741D430238E8}.Debug|iPhone.Build.0 = Debug|iPhone
		{149AEC6A-535E-4BD6-999D-741D430238E8}.Debug|iPhoneSimulator.ActiveCfg = Debug|iPhoneSimulator
		{149AEC6A-535E-4BD6-999D-741D430238E8}.Debug|iPhoneSimulator.Build.0 = Debug|iPhoneSimulator
		{149AEC6A-535E-4BD6-999D-741D430238E8}.Debug|x64.ActiveCfg = Debug|iPhoneSimulator
		{149AEC6A-535E-4BD6-999D-741D430238E8}.Debug|x86.ActiveCfg = Debug|iPhoneSimulator
		{149AEC6A-535E-4BD6-999D-741D430238E8}.Release|Any CPU.ActiveCfg = Release|iPhoneSimulator
		{149AEC6A-535E-4BD6-999D-741D430238E8}.Release|ARM.ActiveCfg = Release|iPhoneSimulator
		{149AEC6A-535E-4BD6-999D-741D430238E8}.Release|ARM64.ActiveCfg = Release|iPhoneSimulator
		{149AEC6A-535E-4BD6-999D-741D430238E8}.Release|iPhone.ActiveCfg = Release|iPhone
		{149AEC6A-535E-4BD6-999D-741D430238E8}.Release|iPhone.Build.0 = Release|iPhone
		{149AEC6A-535E-4BD6-999D-741D430238E8}.Release|iPhoneSimulator.ActiveCfg = Release|iPhoneSimulator
		{149AEC6A-535E-4BD6-999D-741D430238E8}.Release|iPhoneSimulator.Build.0 = Release|iPhoneSimulator
		{149AEC6A-535E-4BD6-999D-741D430238E8}.Release|x64.ActiveCfg = Release|iPhoneSimulator
		{149AEC6A-535E-4BD6-999D-741D430238E8}.Release|x86.ActiveCfg = Release|iPhoneSimulator
		{C02F3483-4A2A-4893-B7E8-EA440479CEE8}.Ad-Hoc|Any CPU.ActiveCfg = Debug|x86
		{C02F3483-4A2A-4893-B7E8-EA440479CEE8}.Ad-Hoc|Any CPU.Build.0 = Debug|x86
		{C02F3483-4A2A-4893-B7E8-EA440479CEE8}.Ad-Hoc|Any CPU.Deploy.0 = Debug|x86
		{C02F3483-4A2A-4893-B7E8-EA440479CEE8}.Ad-Hoc|ARM.ActiveCfg = Debug|ARM
		{C02F3483-4A2A-4893-B7E8-EA440479CEE8}.Ad-Hoc|ARM.Build.0 = Debug|ARM
		{C02F3483-4A2A-4893-B7E8-EA440479CEE8}.Ad-Hoc|ARM.Deploy.0 = Debug|ARM
		{C02F3483-4A2A-4893-B7E8-EA440479CEE8}.Ad-Hoc|ARM64.ActiveCfg = Debug|ARM64
		{C02F3483-4A2A-4893-B7E8-EA440479CEE8}.Ad-Hoc|ARM64.Build.0 = Debug|ARM64
		{C02F3483-4A2A-4893-B7E8-EA440479CEE8}.Ad-Hoc|ARM64.Deploy.0 = Debug|ARM64
		{C02F3483-4A2A-4893-B7E8-EA440479CEE8}.Ad-Hoc|iPhone.ActiveCfg = Debug|x86
		{C02F3483-4A2A-4893-B7E8-EA440479CEE8}.Ad-Hoc|iPhone.Build.0 = Debug|x86
		{C02F3483-4A2A-4893-B7E8-EA440479CEE8}.Ad-Hoc|iPhone.Deploy.0 = Debug|x86
		{C02F3483-4A2A-4893-B7E8-EA440479CEE8}.Ad-Hoc|iPhoneSimulator.ActiveCfg = Debug|x86
		{C02F3483-4A2A-4893-B7E8-EA440479CEE8}.Ad-Hoc|iPhoneSimulator.Build.0 = Debug|x86
		{C02F3483-4A2A-4893-B7E8-EA440479CEE8}.Ad-Hoc|iPhoneSimulator.Deploy.0 = Debug|x86
		{C02F3483-4A2A-4893-B7E8-EA440479CEE8}.Ad-Hoc|x64.ActiveCfg = Debug|x64
		{C02F3483-4A2A-4893-B7E8-EA440479CEE8}.Ad-Hoc|x64.Build.0 = Debug|x64
		{C02F3483-4A2A-4893-B7E8-EA440479CEE8}.Ad-Hoc|x64.Deploy.0 = Debug|x64
		{C02F3483-4A2A-4893-B7E8-EA440479CEE8}.Ad-Hoc|x86.ActiveCfg = Debug|x86
		{C02F3483-4A2A-4893-B7E8-EA440479CEE8}.Ad-Hoc|x86.Build.0 = Debug|x86
		{C02F3483-4A2A-4893-B7E8-EA440479CEE8}.Ad-Hoc|x86.Deploy.0 = Debug|x86
		{C02F3483-4A2A-4893-B7E8-EA440479CEE8}.AppStore|Any CPU.ActiveCfg = Debug|x86
		{C02F3483-4A2A-4893-B7E8-EA440479CEE8}.AppStore|Any CPU.Build.0 = Debug|x86
		{C02F3483-4A2A-4893-B7E8-EA440479CEE8}.AppStore|Any CPU.Deploy.0 = Debug|x86
		{C02F3483-4A2A-4893-B7E8-EA440479CEE8}.AppStore|ARM.ActiveCfg = Debug|ARM
		{C02F3483-4A2A-4893-B7E8-EA440479CEE8}.AppStore|ARM.Build.0 = Debug|ARM
		{C02F3483-4A2A-4893-B7E8-EA440479CEE8}.AppStore|ARM.Deploy.0 = Debug|ARM
		{C02F3483-4A2A-4893-B7E8-EA440479CEE8}.AppStore|ARM64.ActiveCfg = Debug|ARM64
		{C02F3483-4A2A-4893-B7E8-EA440479CEE8}.AppStore|ARM64.Build.0 = Debug|ARM64
		{C02F3483-4A2A-4893-B7E8-EA440479CEE8}.AppStore|ARM64.Deploy.0 = Debug|ARM64
		{C02F3483-4A2A-4893-B7E8-EA440479CEE8}.AppStore|iPhone.ActiveCfg = Debug|x86
		{C02F3483-4A2A-4893-B7E8-EA440479CEE8}.AppStore|iPhone.Build.0 = Debug|x86
		{C02F3483-4A2A-4893-B7E8-EA440479CEE8}.AppStore|iPhone.Deploy.0 = Debug|x86
		{C02F3483-4A2A-4893-B7E8-EA440479CEE8}.AppStore|iPhoneSimulator.ActiveCfg = Debug|x86
		{C02F3483-4A2A-4893-B7E8-EA440479CEE8}.AppStore|iPhoneSimulator.Build.0 = Debug|x86
		{C02F3483-4A2A-4893-B7E8-EA440479CEE8}.AppStore|iPhoneSimulator.Deploy.0 = Debug|x86
		{C02F3483-4A2A-4893-B7E8-EA440479CEE8}.AppStore|x64.ActiveCfg = Debug|x64
		{C02F3483-4A2A-4893-B7E8-EA440479CEE8}.AppStore|x64.Build.0 = Debug|x64
		{C02F3483-4A2A-4893-B7E8-EA440479CEE8}.AppStore|x64.Deploy.0 = Debug|x64
		{C02F3483-4A2A-4893-B7E8-EA440479CEE8}.AppStore|x86.ActiveCfg = Debug|x86
		{C02F3483-4A2A-4893-B7E8-EA440479CEE8}.AppStore|x86.Build.0 = Debug|x86
		{C02F3483-4A2A-4893-B7E8-EA440479CEE8}.AppStore|x86.Deploy.0 = Debug|x86
		{C02F3483-4A2A-4893-B7E8-EA440479CEE8}.Debug|Any CPU.ActiveCfg = Debug|x86
		{C02F3483-4A2A-4893-B7E8-EA440479CEE8}.Debug|Any CPU.Build.0 = Debug|x86
		{C02F3483-4A2A-4893-B7E8-EA440479CEE8}.Debug|Any CPU.Deploy.0 = Debug|x86
		{C02F3483-4A2A-4893-B7E8-EA440479CEE8}.Debug|ARM.ActiveCfg = Debug|ARM
		{C02F3483-4A2A-4893-B7E8-EA440479CEE8}.Debug|ARM.Build.0 = Debug|ARM
		{C02F3483-4A2A-4893-B7E8-EA440479CEE8}.Debug|ARM.Deploy.0 = Debug|ARM
		{C02F3483-4A2A-4893-B7E8-EA440479CEE8}.Debug|ARM64.ActiveCfg = Debug|ARM64
		{C02F3483-4A2A-4893-B7E8-EA440479CEE8}.Debug|ARM64.Build.0 = Debug|ARM64
		{C02F3483-4A2A-4893-B7E8-EA440479CEE8}.Debug|ARM64.Deploy.0 = Debug|ARM64
		{C02F3483-4A2A-4893-B7E8-EA440479CEE8}.Debug|iPhone.ActiveCfg = Debug|x86
		{C02F3483-4A2A-4893-B7E8-EA440479CEE8}.Debug|iPhoneSimulator.ActiveCfg = Debug|x86
		{C02F3483-4A2A-4893-B7E8-EA440479CEE8}.Debug|x64.ActiveCfg = Debug|x64
		{C02F3483-4A2A-4893-B7E8-EA440479CEE8}.Debug|x64.Build.0 = Debug|x64
		{C02F3483-4A2A-4893-B7E8-EA440479CEE8}.Debug|x64.Deploy.0 = Debug|x64
		{C02F3483-4A2A-4893-B7E8-EA440479CEE8}.Debug|x86.ActiveCfg = Debug|x86
		{C02F3483-4A2A-4893-B7E8-EA440479CEE8}.Debug|x86.Build.0 = Debug|x86
		{C02F3483-4A2A-4893-B7E8-EA440479CEE8}.Debug|x86.Deploy.0 = Debug|x86
		{C02F3483-4A2A-4893-B7E8-EA440479CEE8}.Release|Any CPU.ActiveCfg = Release|x86
		{C02F3483-4A2A-4893-B7E8-EA440479CEE8}.Release|ARM.ActiveCfg = Release|ARM
		{C02F3483-4A2A-4893-B7E8-EA440479CEE8}.Release|ARM.Build.0 = Release|ARM
		{C02F3483-4A2A-4893-B7E8-EA440479CEE8}.Release|ARM.Deploy.0 = Release|ARM
		{C02F3483-4A2A-4893-B7E8-EA440479CEE8}.Release|ARM64.ActiveCfg = Release|ARM64
		{C02F3483-4A2A-4893-B7E8-EA440479CEE8}.Release|ARM64.Build.0 = Release|ARM64
		{C02F3483-4A2A-4893-B7E8-EA440479CEE8}.Release|ARM64.Deploy.0 = Release|ARM64
		{C02F3483-4A2A-4893-B7E8-EA440479CEE8}.Release|iPhone.ActiveCfg = Release|x86
		{C02F3483-4A2A-4893-B7E8-EA440479CEE8}.Release|iPhoneSimulator.ActiveCfg = Release|x86
		{C02F3483-4A2A-4893-B7E8-EA440479CEE8}.Release|x64.ActiveCfg = Release|x64
		{C02F3483-4A2A-4893-B7E8-EA440479CEE8}.Release|x64.Build.0 = Release|x64
		{C02F3483-4A2A-4893-B7E8-EA440479CEE8}.Release|x64.Deploy.0 = Release|x64
		{C02F3483-4A2A-4893-B7E8-EA440479CEE8}.Release|x86.ActiveCfg = Release|x86
		{C02F3483-4A2A-4893-B7E8-EA440479CEE8}.Release|x86.Build.0 = Release|x86
		{C02F3483-4A2A-4893-B7E8-EA440479CEE8}.Release|x86.Deploy.0 = Release|x86
		{017B8B6E-CD3F-4E57-992A-79A2B3C37DF0}.Ad-Hoc|Any CPU.ActiveCfg = Debug|Any CPU
		{017B8B6E-CD3F-4E57-992A-79A2B3C37DF0}.Ad-Hoc|Any CPU.Build.0 = Debug|Any CPU
		{017B8B6E-CD3F-4E57-992A-79A2B3C37DF0}.Ad-Hoc|ARM.ActiveCfg = Debug|Any CPU
		{017B8B6E-CD3F-4E57-992A-79A2B3C37DF0}.Ad-Hoc|ARM.Build.0 = Debug|Any CPU
		{017B8B6E-CD3F-4E57-992A-79A2B3C37DF0}.Ad-Hoc|ARM64.ActiveCfg = Debug|Any CPU
		{017B8B6E-CD3F-4E57-992A-79A2B3C37DF0}.Ad-Hoc|ARM64.Build.0 = Debug|Any CPU
		{017B8B6E-CD3F-4E57-992A-79A2B3C37DF0}.Ad-Hoc|iPhone.ActiveCfg = Debug|Any CPU
		{017B8B6E-CD3F-4E57-992A-79A2B3C37DF0}.Ad-Hoc|iPhone.Build.0 = Debug|Any CPU
		{017B8B6E-CD3F-4E57-992A-79A2B3C37DF0}.Ad-Hoc|iPhoneSimulator.ActiveCfg = Debug|Any CPU
		{017B8B6E-CD3F-4E57-992A-79A2B3C37DF0}.Ad-Hoc|iPhoneSimulator.Build.0 = Debug|Any CPU
		{017B8B6E-CD3F-4E57-992A-79A2B3C37DF0}.Ad-Hoc|x64.ActiveCfg = Debug|Any CPU
		{017B8B6E-CD3F-4E57-992A-79A2B3C37DF0}.Ad-Hoc|x64.Build.0 = Debug|Any CPU
		{017B8B6E-CD3F-4E57-992A-79A2B3C37DF0}.Ad-Hoc|x86.ActiveCfg = Debug|Any CPU
		{017B8B6E-CD3F-4E57-992A-79A2B3C37DF0}.Ad-Hoc|x86.Build.0 = Debug|Any CPU
		{017B8B6E-CD3F-4E57-992A-79A2B3C37DF0}.AppStore|Any CPU.ActiveCfg = Debug|Any CPU
		{017B8B6E-CD3F-4E57-992A-79A2B3C37DF0}.AppStore|Any CPU.Build.0 = Debug|Any CPU
		{017B8B6E-CD3F-4E57-992A-79A2B3C37DF0}.AppStore|ARM.ActiveCfg = Debug|Any CPU
		{017B8B6E-CD3F-4E57-992A-79A2B3C37DF0}.AppStore|ARM.Build.0 = Debug|Any CPU
		{017B8B6E-CD3F-4E57-992A-79A2B3C37DF0}.AppStore|ARM64.ActiveCfg = Debug|Any CPU
		{017B8B6E-CD3F-4E57-992A-79A2B3C37DF0}.AppStore|ARM64.Build.0 = Debug|Any CPU
		{017B8B6E-CD3F-4E57-992A-79A2B3C37DF0}.AppStore|iPhone.ActiveCfg = Debug|Any CPU
		{017B8B6E-CD3F-4E57-992A-79A2B3C37DF0}.AppStore|iPhone.Build.0 = Debug|Any CPU
		{017B8B6E-CD3F-4E57-992A-79A2B3C37DF0}.AppStore|iPhoneSimulator.ActiveCfg = Debug|Any CPU
		{017B8B6E-CD3F-4E57-992A-79A2B3C37DF0}.AppStore|iPhoneSimulator.Build.0 = Debug|Any CPU
		{017B8B6E-CD3F-4E57-992A-79A2B3C37DF0}.AppStore|x64.ActiveCfg = Debug|Any CPU
		{017B8B6E-CD3F-4E57-992A-79A2B3C37DF0}.AppStore|x64.Build.0 = Debug|Any CPU
		{017B8B6E-CD3F-4E57-992A-79A2B3C37DF0}.AppStore|x86.ActiveCfg = Debug|Any CPU
		{017B8B6E-CD3F-4E57-992A-79A2B3C37DF0}.AppStore|x86.Build.0 = Debug|Any CPU
		{017B8B6E-CD3F-4E57-992A-79A2B3C37DF0}.Debug|Any CPU.ActiveCfg = Debug|Any CPU
		{017B8B6E-CD3F-4E57-992A-79A2B3C37DF0}.Debug|Any CPU.Build.0 = Debug|Any CPU
		{017B8B6E-CD3F-4E57-992A-79A2B3C37DF0}.Debug|ARM.ActiveCfg = Debug|Any CPU
		{017B8B6E-CD3F-4E57-992A-79A2B3C37DF0}.Debug|ARM.Build.0 = Debug|Any CPU
		{017B8B6E-CD3F-4E57-992A-79A2B3C37DF0}.Debug|ARM64.ActiveCfg = Debug|Any CPU
		{017B8B6E-CD3F-4E57-992A-79A2B3C37DF0}.Debug|ARM64.Build.0 = Debug|Any CPU
		{017B8B6E-CD3F-4E57-992A-79A2B3C37DF0}.Debug|iPhone.ActiveCfg = Debug|Any CPU
		{017B8B6E-CD3F-4E57-992A-79A2B3C37DF0}.Debug|iPhone.Build.0 = Debug|Any CPU
		{017B8B6E-CD3F-4E57-992A-79A2B3C37DF0}.Debug|iPhoneSimulator.ActiveCfg = Debug|Any CPU
		{017B8B6E-CD3F-4E57-992A-79A2B3C37DF0}.Debug|iPhoneSimulator.Build.0 = Debug|Any CPU
		{017B8B6E-CD3F-4E57-992A-79A2B3C37DF0}.Debug|x64.ActiveCfg = Debug|Any CPU
		{017B8B6E-CD3F-4E57-992A-79A2B3C37DF0}.Debug|x64.Build.0 = Debug|Any CPU
		{017B8B6E-CD3F-4E57-992A-79A2B3C37DF0}.Debug|x86.ActiveCfg = Debug|Any CPU
		{017B8B6E-CD3F-4E57-992A-79A2B3C37DF0}.Debug|x86.Build.0 = Debug|Any CPU
		{017B8B6E-CD3F-4E57-992A-79A2B3C37DF0}.Release|Any CPU.ActiveCfg = Release|Any CPU
		{017B8B6E-CD3F-4E57-992A-79A2B3C37DF0}.Release|Any CPU.Build.0 = Release|Any CPU
		{017B8B6E-CD3F-4E57-992A-79A2B3C37DF0}.Release|ARM.ActiveCfg = Release|Any CPU
		{017B8B6E-CD3F-4E57-992A-79A2B3C37DF0}.Release|ARM.Build.0 = Release|Any CPU
		{017B8B6E-CD3F-4E57-992A-79A2B3C37DF0}.Release|ARM64.ActiveCfg = Release|Any CPU
		{017B8B6E-CD3F-4E57-992A-79A2B3C37DF0}.Release|ARM64.Build.0 = Release|Any CPU
		{017B8B6E-CD3F-4E57-992A-79A2B3C37DF0}.Release|iPhone.ActiveCfg = Release|Any CPU
		{017B8B6E-CD3F-4E57-992A-79A2B3C37DF0}.Release|iPhone.Build.0 = Release|Any CPU
		{017B8B6E-CD3F-4E57-992A-79A2B3C37DF0}.Release|iPhoneSimulator.ActiveCfg = Release|Any CPU
		{017B8B6E-CD3F-4E57-992A-79A2B3C37DF0}.Release|iPhoneSimulator.Build.0 = Release|Any CPU
		{017B8B6E-CD3F-4E57-992A-79A2B3C37DF0}.Release|x64.ActiveCfg = Release|Any CPU
		{017B8B6E-CD3F-4E57-992A-79A2B3C37DF0}.Release|x64.Build.0 = Release|Any CPU
		{017B8B6E-CD3F-4E57-992A-79A2B3C37DF0}.Release|x86.ActiveCfg = Release|Any CPU
		{017B8B6E-CD3F-4E57-992A-79A2B3C37DF0}.Release|x86.Build.0 = Release|Any CPU
		{7AD112FB-D5ED-4DAD-AD4A-BD6625C201C1}.Ad-Hoc|Any CPU.ActiveCfg = Debug|iPhoneSimulator
		{7AD112FB-D5ED-4DAD-AD4A-BD6625C201C1}.Ad-Hoc|Any CPU.Build.0 = Debug|iPhoneSimulator
		{7AD112FB-D5ED-4DAD-AD4A-BD6625C201C1}.Ad-Hoc|ARM.ActiveCfg = Debug|iPhoneSimulator
		{7AD112FB-D5ED-4DAD-AD4A-BD6625C201C1}.Ad-Hoc|ARM.Build.0 = Debug|iPhoneSimulator
		{7AD112FB-D5ED-4DAD-AD4A-BD6625C201C1}.Ad-Hoc|ARM64.ActiveCfg = Debug|iPhoneSimulator
		{7AD112FB-D5ED-4DAD-AD4A-BD6625C201C1}.Ad-Hoc|ARM64.Build.0 = Debug|iPhoneSimulator
		{7AD112FB-D5ED-4DAD-AD4A-BD6625C201C1}.Ad-Hoc|iPhone.ActiveCfg = Debug|iPhoneSimulator
		{7AD112FB-D5ED-4DAD-AD4A-BD6625C201C1}.Ad-Hoc|iPhone.Build.0 = Debug|iPhoneSimulator
		{7AD112FB-D5ED-4DAD-AD4A-BD6625C201C1}.Ad-Hoc|iPhoneSimulator.ActiveCfg = Debug|iPhoneSimulator
		{7AD112FB-D5ED-4DAD-AD4A-BD6625C201C1}.Ad-Hoc|iPhoneSimulator.Build.0 = Debug|iPhoneSimulator
		{7AD112FB-D5ED-4DAD-AD4A-BD6625C201C1}.Ad-Hoc|x64.ActiveCfg = Debug|iPhoneSimulator
		{7AD112FB-D5ED-4DAD-AD4A-BD6625C201C1}.Ad-Hoc|x64.Build.0 = Debug|iPhoneSimulator
		{7AD112FB-D5ED-4DAD-AD4A-BD6625C201C1}.Ad-Hoc|x86.ActiveCfg = Debug|iPhoneSimulator
		{7AD112FB-D5ED-4DAD-AD4A-BD6625C201C1}.Ad-Hoc|x86.Build.0 = Debug|iPhoneSimulator
		{7AD112FB-D5ED-4DAD-AD4A-BD6625C201C1}.AppStore|Any CPU.ActiveCfg = Debug|iPhoneSimulator
		{7AD112FB-D5ED-4DAD-AD4A-BD6625C201C1}.AppStore|Any CPU.Build.0 = Debug|iPhoneSimulator
		{7AD112FB-D5ED-4DAD-AD4A-BD6625C201C1}.AppStore|ARM.ActiveCfg = Debug|iPhoneSimulator
		{7AD112FB-D5ED-4DAD-AD4A-BD6625C201C1}.AppStore|ARM.Build.0 = Debug|iPhoneSimulator
		{7AD112FB-D5ED-4DAD-AD4A-BD6625C201C1}.AppStore|ARM64.ActiveCfg = Debug|iPhoneSimulator
		{7AD112FB-D5ED-4DAD-AD4A-BD6625C201C1}.AppStore|ARM64.Build.0 = Debug|iPhoneSimulator
		{7AD112FB-D5ED-4DAD-AD4A-BD6625C201C1}.AppStore|iPhone.ActiveCfg = Debug|iPhoneSimulator
		{7AD112FB-D5ED-4DAD-AD4A-BD6625C201C1}.AppStore|iPhone.Build.0 = Debug|iPhoneSimulator
		{7AD112FB-D5ED-4DAD-AD4A-BD6625C201C1}.AppStore|iPhoneSimulator.ActiveCfg = Debug|iPhoneSimulator
		{7AD112FB-D5ED-4DAD-AD4A-BD6625C201C1}.AppStore|iPhoneSimulator.Build.0 = Debug|iPhoneSimulator
		{7AD112FB-D5ED-4DAD-AD4A-BD6625C201C1}.AppStore|x64.ActiveCfg = Debug|iPhoneSimulator
		{7AD112FB-D5ED-4DAD-AD4A-BD6625C201C1}.AppStore|x64.Build.0 = Debug|iPhoneSimulator
		{7AD112FB-D5ED-4DAD-AD4A-BD6625C201C1}.AppStore|x86.ActiveCfg = Debug|iPhoneSimulator
		{7AD112FB-D5ED-4DAD-AD4A-BD6625C201C1}.AppStore|x86.Build.0 = Debug|iPhoneSimulator
		{7AD112FB-D5ED-4DAD-AD4A-BD6625C201C1}.Debug|Any CPU.ActiveCfg = Debug|iPhoneSimulator
		{7AD112FB-D5ED-4DAD-AD4A-BD6625C201C1}.Debug|ARM.ActiveCfg = Debug|iPhoneSimulator
		{7AD112FB-D5ED-4DAD-AD4A-BD6625C201C1}.Debug|ARM64.ActiveCfg = Debug|iPhoneSimulator
		{7AD112FB-D5ED-4DAD-AD4A-BD6625C201C1}.Debug|iPhone.ActiveCfg = Debug|iPhoneSimulator
		{7AD112FB-D5ED-4DAD-AD4A-BD6625C201C1}.Debug|iPhoneSimulator.ActiveCfg = Debug|iPhoneSimulator
		{7AD112FB-D5ED-4DAD-AD4A-BD6625C201C1}.Debug|iPhoneSimulator.Build.0 = Debug|iPhoneSimulator
		{7AD112FB-D5ED-4DAD-AD4A-BD6625C201C1}.Debug|x64.ActiveCfg = Debug|iPhoneSimulator
		{7AD112FB-D5ED-4DAD-AD4A-BD6625C201C1}.Debug|x86.ActiveCfg = Debug|iPhoneSimulator
		{7AD112FB-D5ED-4DAD-AD4A-BD6625C201C1}.Release|Any CPU.ActiveCfg = Release|iPhoneSimulator
		{7AD112FB-D5ED-4DAD-AD4A-BD6625C201C1}.Release|ARM.ActiveCfg = Release|iPhoneSimulator
		{7AD112FB-D5ED-4DAD-AD4A-BD6625C201C1}.Release|ARM64.ActiveCfg = Release|iPhoneSimulator
		{7AD112FB-D5ED-4DAD-AD4A-BD6625C201C1}.Release|iPhone.ActiveCfg = Release|iPhoneSimulator
		{7AD112FB-D5ED-4DAD-AD4A-BD6625C201C1}.Release|iPhoneSimulator.ActiveCfg = Release|iPhoneSimulator
		{7AD112FB-D5ED-4DAD-AD4A-BD6625C201C1}.Release|iPhoneSimulator.Build.0 = Release|iPhoneSimulator
		{7AD112FB-D5ED-4DAD-AD4A-BD6625C201C1}.Release|x64.ActiveCfg = Release|iPhoneSimulator
		{7AD112FB-D5ED-4DAD-AD4A-BD6625C201C1}.Release|x86.ActiveCfg = Release|iPhoneSimulator
		{29C7EBD5-296F-4B43-BFE1-22EA9FE24DFC}.Ad-Hoc|Any CPU.ActiveCfg = Debug|Any CPU
		{29C7EBD5-296F-4B43-BFE1-22EA9FE24DFC}.Ad-Hoc|Any CPU.Build.0 = Debug|Any CPU
		{29C7EBD5-296F-4B43-BFE1-22EA9FE24DFC}.Ad-Hoc|ARM.ActiveCfg = Debug|Any CPU
		{29C7EBD5-296F-4B43-BFE1-22EA9FE24DFC}.Ad-Hoc|ARM.Build.0 = Debug|Any CPU
		{29C7EBD5-296F-4B43-BFE1-22EA9FE24DFC}.Ad-Hoc|ARM64.ActiveCfg = Debug|Any CPU
		{29C7EBD5-296F-4B43-BFE1-22EA9FE24DFC}.Ad-Hoc|ARM64.Build.0 = Debug|Any CPU
		{29C7EBD5-296F-4B43-BFE1-22EA9FE24DFC}.Ad-Hoc|iPhone.ActiveCfg = Debug|Any CPU
		{29C7EBD5-296F-4B43-BFE1-22EA9FE24DFC}.Ad-Hoc|iPhone.Build.0 = Debug|Any CPU
		{29C7EBD5-296F-4B43-BFE1-22EA9FE24DFC}.Ad-Hoc|iPhoneSimulator.ActiveCfg = Debug|Any CPU
		{29C7EBD5-296F-4B43-BFE1-22EA9FE24DFC}.Ad-Hoc|iPhoneSimulator.Build.0 = Debug|Any CPU
		{29C7EBD5-296F-4B43-BFE1-22EA9FE24DFC}.Ad-Hoc|x64.ActiveCfg = Debug|Any CPU
		{29C7EBD5-296F-4B43-BFE1-22EA9FE24DFC}.Ad-Hoc|x64.Build.0 = Debug|Any CPU
		{29C7EBD5-296F-4B43-BFE1-22EA9FE24DFC}.Ad-Hoc|x86.ActiveCfg = Debug|Any CPU
		{29C7EBD5-296F-4B43-BFE1-22EA9FE24DFC}.Ad-Hoc|x86.Build.0 = Debug|Any CPU
		{29C7EBD5-296F-4B43-BFE1-22EA9FE24DFC}.AppStore|Any CPU.ActiveCfg = Debug|Any CPU
		{29C7EBD5-296F-4B43-BFE1-22EA9FE24DFC}.AppStore|Any CPU.Build.0 = Debug|Any CPU
		{29C7EBD5-296F-4B43-BFE1-22EA9FE24DFC}.AppStore|ARM.ActiveCfg = Debug|Any CPU
		{29C7EBD5-296F-4B43-BFE1-22EA9FE24DFC}.AppStore|ARM.Build.0 = Debug|Any CPU
		{29C7EBD5-296F-4B43-BFE1-22EA9FE24DFC}.AppStore|ARM64.ActiveCfg = Debug|Any CPU
		{29C7EBD5-296F-4B43-BFE1-22EA9FE24DFC}.AppStore|ARM64.Build.0 = Debug|Any CPU
		{29C7EBD5-296F-4B43-BFE1-22EA9FE24DFC}.AppStore|iPhone.ActiveCfg = Debug|Any CPU
		{29C7EBD5-296F-4B43-BFE1-22EA9FE24DFC}.AppStore|iPhone.Build.0 = Debug|Any CPU
		{29C7EBD5-296F-4B43-BFE1-22EA9FE24DFC}.AppStore|iPhoneSimulator.ActiveCfg = Debug|Any CPU
		{29C7EBD5-296F-4B43-BFE1-22EA9FE24DFC}.AppStore|iPhoneSimulator.Build.0 = Debug|Any CPU
		{29C7EBD5-296F-4B43-BFE1-22EA9FE24DFC}.AppStore|x64.ActiveCfg = Debug|Any CPU
		{29C7EBD5-296F-4B43-BFE1-22EA9FE24DFC}.AppStore|x64.Build.0 = Debug|Any CPU
		{29C7EBD5-296F-4B43-BFE1-22EA9FE24DFC}.AppStore|x86.ActiveCfg = Debug|Any CPU
		{29C7EBD5-296F-4B43-BFE1-22EA9FE24DFC}.AppStore|x86.Build.0 = Debug|Any CPU
		{29C7EBD5-296F-4B43-BFE1-22EA9FE24DFC}.Debug|Any CPU.ActiveCfg = Debug|Any CPU
		{29C7EBD5-296F-4B43-BFE1-22EA9FE24DFC}.Debug|Any CPU.Build.0 = Debug|Any CPU
		{29C7EBD5-296F-4B43-BFE1-22EA9FE24DFC}.Debug|ARM.ActiveCfg = Debug|Any CPU
		{29C7EBD5-296F-4B43-BFE1-22EA9FE24DFC}.Debug|ARM.Build.0 = Debug|Any CPU
		{29C7EBD5-296F-4B43-BFE1-22EA9FE24DFC}.Debug|ARM64.ActiveCfg = Debug|Any CPU
		{29C7EBD5-296F-4B43-BFE1-22EA9FE24DFC}.Debug|ARM64.Build.0 = Debug|Any CPU
		{29C7EBD5-296F-4B43-BFE1-22EA9FE24DFC}.Debug|iPhone.ActiveCfg = Debug|Any CPU
		{29C7EBD5-296F-4B43-BFE1-22EA9FE24DFC}.Debug|iPhone.Build.0 = Debug|Any CPU
		{29C7EBD5-296F-4B43-BFE1-22EA9FE24DFC}.Debug|iPhoneSimulator.ActiveCfg = Debug|Any CPU
		{29C7EBD5-296F-4B43-BFE1-22EA9FE24DFC}.Debug|iPhoneSimulator.Build.0 = Debug|Any CPU
		{29C7EBD5-296F-4B43-BFE1-22EA9FE24DFC}.Debug|x64.ActiveCfg = Debug|Any CPU
		{29C7EBD5-296F-4B43-BFE1-22EA9FE24DFC}.Debug|x64.Build.0 = Debug|Any CPU
		{29C7EBD5-296F-4B43-BFE1-22EA9FE24DFC}.Debug|x86.ActiveCfg = Debug|Any CPU
		{29C7EBD5-296F-4B43-BFE1-22EA9FE24DFC}.Debug|x86.Build.0 = Debug|Any CPU
		{29C7EBD5-296F-4B43-BFE1-22EA9FE24DFC}.Release|Any CPU.ActiveCfg = Release|Any CPU
		{29C7EBD5-296F-4B43-BFE1-22EA9FE24DFC}.Release|Any CPU.Build.0 = Release|Any CPU
		{29C7EBD5-296F-4B43-BFE1-22EA9FE24DFC}.Release|ARM.ActiveCfg = Release|Any CPU
		{29C7EBD5-296F-4B43-BFE1-22EA9FE24DFC}.Release|ARM.Build.0 = Release|Any CPU
		{29C7EBD5-296F-4B43-BFE1-22EA9FE24DFC}.Release|ARM64.ActiveCfg = Release|Any CPU
		{29C7EBD5-296F-4B43-BFE1-22EA9FE24DFC}.Release|ARM64.Build.0 = Release|Any CPU
		{29C7EBD5-296F-4B43-BFE1-22EA9FE24DFC}.Release|iPhone.ActiveCfg = Release|Any CPU
		{29C7EBD5-296F-4B43-BFE1-22EA9FE24DFC}.Release|iPhone.Build.0 = Release|Any CPU
		{29C7EBD5-296F-4B43-BFE1-22EA9FE24DFC}.Release|iPhoneSimulator.ActiveCfg = Release|Any CPU
		{29C7EBD5-296F-4B43-BFE1-22EA9FE24DFC}.Release|iPhoneSimulator.Build.0 = Release|Any CPU
		{29C7EBD5-296F-4B43-BFE1-22EA9FE24DFC}.Release|x64.ActiveCfg = Release|Any CPU
		{29C7EBD5-296F-4B43-BFE1-22EA9FE24DFC}.Release|x64.Build.0 = Release|Any CPU
		{29C7EBD5-296F-4B43-BFE1-22EA9FE24DFC}.Release|x86.ActiveCfg = Release|Any CPU
		{29C7EBD5-296F-4B43-BFE1-22EA9FE24DFC}.Release|x86.Build.0 = Release|Any CPU
		{EDF082FB-00F8-40D9-8D60-A3C11078C8D0}.Ad-Hoc|Any CPU.ActiveCfg = Debug|Any CPU
		{EDF082FB-00F8-40D9-8D60-A3C11078C8D0}.Ad-Hoc|Any CPU.Build.0 = Debug|Any CPU
		{EDF082FB-00F8-40D9-8D60-A3C11078C8D0}.Ad-Hoc|ARM.ActiveCfg = Debug|Any CPU
		{EDF082FB-00F8-40D9-8D60-A3C11078C8D0}.Ad-Hoc|ARM.Build.0 = Debug|Any CPU
		{EDF082FB-00F8-40D9-8D60-A3C11078C8D0}.Ad-Hoc|ARM64.ActiveCfg = Debug|Any CPU
		{EDF082FB-00F8-40D9-8D60-A3C11078C8D0}.Ad-Hoc|ARM64.Build.0 = Debug|Any CPU
		{EDF082FB-00F8-40D9-8D60-A3C11078C8D0}.Ad-Hoc|iPhone.ActiveCfg = Debug|Any CPU
		{EDF082FB-00F8-40D9-8D60-A3C11078C8D0}.Ad-Hoc|iPhone.Build.0 = Debug|Any CPU
		{EDF082FB-00F8-40D9-8D60-A3C11078C8D0}.Ad-Hoc|iPhoneSimulator.ActiveCfg = Debug|Any CPU
		{EDF082FB-00F8-40D9-8D60-A3C11078C8D0}.Ad-Hoc|iPhoneSimulator.Build.0 = Debug|Any CPU
		{EDF082FB-00F8-40D9-8D60-A3C11078C8D0}.Ad-Hoc|x64.ActiveCfg = Debug|Any CPU
		{EDF082FB-00F8-40D9-8D60-A3C11078C8D0}.Ad-Hoc|x64.Build.0 = Debug|Any CPU
		{EDF082FB-00F8-40D9-8D60-A3C11078C8D0}.Ad-Hoc|x86.ActiveCfg = Debug|Any CPU
		{EDF082FB-00F8-40D9-8D60-A3C11078C8D0}.Ad-Hoc|x86.Build.0 = Debug|Any CPU
		{EDF082FB-00F8-40D9-8D60-A3C11078C8D0}.AppStore|Any CPU.ActiveCfg = Debug|Any CPU
		{EDF082FB-00F8-40D9-8D60-A3C11078C8D0}.AppStore|Any CPU.Build.0 = Debug|Any CPU
		{EDF082FB-00F8-40D9-8D60-A3C11078C8D0}.AppStore|ARM.ActiveCfg = Debug|Any CPU
		{EDF082FB-00F8-40D9-8D60-A3C11078C8D0}.AppStore|ARM.Build.0 = Debug|Any CPU
		{EDF082FB-00F8-40D9-8D60-A3C11078C8D0}.AppStore|ARM64.ActiveCfg = Debug|Any CPU
		{EDF082FB-00F8-40D9-8D60-A3C11078C8D0}.AppStore|ARM64.Build.0 = Debug|Any CPU
		{EDF082FB-00F8-40D9-8D60-A3C11078C8D0}.AppStore|iPhone.ActiveCfg = Debug|Any CPU
		{EDF082FB-00F8-40D9-8D60-A3C11078C8D0}.AppStore|iPhone.Build.0 = Debug|Any CPU
		{EDF082FB-00F8-40D9-8D60-A3C11078C8D0}.AppStore|iPhoneSimulator.ActiveCfg = Debug|Any CPU
		{EDF082FB-00F8-40D9-8D60-A3C11078C8D0}.AppStore|iPhoneSimulator.Build.0 = Debug|Any CPU
		{EDF082FB-00F8-40D9-8D60-A3C11078C8D0}.AppStore|x64.ActiveCfg = Debug|Any CPU
		{EDF082FB-00F8-40D9-8D60-A3C11078C8D0}.AppStore|x64.Build.0 = Debug|Any CPU
		{EDF082FB-00F8-40D9-8D60-A3C11078C8D0}.AppStore|x86.ActiveCfg = Debug|Any CPU
		{EDF082FB-00F8-40D9-8D60-A3C11078C8D0}.AppStore|x86.Build.0 = Debug|Any CPU
		{EDF082FB-00F8-40D9-8D60-A3C11078C8D0}.Debug|Any CPU.ActiveCfg = Debug|Any CPU
		{EDF082FB-00F8-40D9-8D60-A3C11078C8D0}.Debug|Any CPU.Build.0 = Debug|Any CPU
		{EDF082FB-00F8-40D9-8D60-A3C11078C8D0}.Debug|ARM.ActiveCfg = Debug|Any CPU
		{EDF082FB-00F8-40D9-8D60-A3C11078C8D0}.Debug|ARM.Build.0 = Debug|Any CPU
		{EDF082FB-00F8-40D9-8D60-A3C11078C8D0}.Debug|ARM64.ActiveCfg = Debug|Any CPU
		{EDF082FB-00F8-40D9-8D60-A3C11078C8D0}.Debug|ARM64.Build.0 = Debug|Any CPU
		{EDF082FB-00F8-40D9-8D60-A3C11078C8D0}.Debug|iPhone.ActiveCfg = Debug|Any CPU
		{EDF082FB-00F8-40D9-8D60-A3C11078C8D0}.Debug|iPhone.Build.0 = Debug|Any CPU
		{EDF082FB-00F8-40D9-8D60-A3C11078C8D0}.Debug|iPhoneSimulator.ActiveCfg = Debug|Any CPU
		{EDF082FB-00F8-40D9-8D60-A3C11078C8D0}.Debug|iPhoneSimulator.Build.0 = Debug|Any CPU
		{EDF082FB-00F8-40D9-8D60-A3C11078C8D0}.Debug|x64.ActiveCfg = Debug|Any CPU
		{EDF082FB-00F8-40D9-8D60-A3C11078C8D0}.Debug|x64.Build.0 = Debug|Any CPU
		{EDF082FB-00F8-40D9-8D60-A3C11078C8D0}.Debug|x86.ActiveCfg = Debug|Any CPU
		{EDF082FB-00F8-40D9-8D60-A3C11078C8D0}.Debug|x86.Build.0 = Debug|Any CPU
		{EDF082FB-00F8-40D9-8D60-A3C11078C8D0}.Release|Any CPU.ActiveCfg = Release|Any CPU
		{EDF082FB-00F8-40D9-8D60-A3C11078C8D0}.Release|Any CPU.Build.0 = Release|Any CPU
		{EDF082FB-00F8-40D9-8D60-A3C11078C8D0}.Release|ARM.ActiveCfg = Release|Any CPU
		{EDF082FB-00F8-40D9-8D60-A3C11078C8D0}.Release|ARM.Build.0 = Release|Any CPU
		{EDF082FB-00F8-40D9-8D60-A3C11078C8D0}.Release|ARM64.ActiveCfg = Release|Any CPU
		{EDF082FB-00F8-40D9-8D60-A3C11078C8D0}.Release|ARM64.Build.0 = Release|Any CPU
		{EDF082FB-00F8-40D9-8D60-A3C11078C8D0}.Release|iPhone.ActiveCfg = Release|Any CPU
		{EDF082FB-00F8-40D9-8D60-A3C11078C8D0}.Release|iPhone.Build.0 = Release|Any CPU
		{EDF082FB-00F8-40D9-8D60-A3C11078C8D0}.Release|iPhoneSimulator.ActiveCfg = Release|Any CPU
		{EDF082FB-00F8-40D9-8D60-A3C11078C8D0}.Release|iPhoneSimulator.Build.0 = Release|Any CPU
		{EDF082FB-00F8-40D9-8D60-A3C11078C8D0}.Release|x64.ActiveCfg = Release|Any CPU
		{EDF082FB-00F8-40D9-8D60-A3C11078C8D0}.Release|x64.Build.0 = Release|Any CPU
		{EDF082FB-00F8-40D9-8D60-A3C11078C8D0}.Release|x86.ActiveCfg = Release|Any CPU
		{EDF082FB-00F8-40D9-8D60-A3C11078C8D0}.Release|x86.Build.0 = Release|Any CPU
		{8BE19322-9043-4CCB-B5B0-7E3B8E6B9C1A}.Ad-Hoc|Any CPU.ActiveCfg = Debug|Any CPU
		{8BE19322-9043-4CCB-B5B0-7E3B8E6B9C1A}.Ad-Hoc|Any CPU.Build.0 = Debug|Any CPU
		{8BE19322-9043-4CCB-B5B0-7E3B8E6B9C1A}.Ad-Hoc|ARM.ActiveCfg = Debug|Any CPU
		{8BE19322-9043-4CCB-B5B0-7E3B8E6B9C1A}.Ad-Hoc|ARM.Build.0 = Debug|Any CPU
		{8BE19322-9043-4CCB-B5B0-7E3B8E6B9C1A}.Ad-Hoc|ARM64.ActiveCfg = Debug|Any CPU
		{8BE19322-9043-4CCB-B5B0-7E3B8E6B9C1A}.Ad-Hoc|ARM64.Build.0 = Debug|Any CPU
		{8BE19322-9043-4CCB-B5B0-7E3B8E6B9C1A}.Ad-Hoc|iPhone.ActiveCfg = Debug|Any CPU
		{8BE19322-9043-4CCB-B5B0-7E3B8E6B9C1A}.Ad-Hoc|iPhone.Build.0 = Debug|Any CPU
		{8BE19322-9043-4CCB-B5B0-7E3B8E6B9C1A}.Ad-Hoc|iPhoneSimulator.ActiveCfg = Debug|Any CPU
		{8BE19322-9043-4CCB-B5B0-7E3B8E6B9C1A}.Ad-Hoc|iPhoneSimulator.Build.0 = Debug|Any CPU
		{8BE19322-9043-4CCB-B5B0-7E3B8E6B9C1A}.Ad-Hoc|x64.ActiveCfg = Debug|Any CPU
		{8BE19322-9043-4CCB-B5B0-7E3B8E6B9C1A}.Ad-Hoc|x64.Build.0 = Debug|Any CPU
		{8BE19322-9043-4CCB-B5B0-7E3B8E6B9C1A}.Ad-Hoc|x86.ActiveCfg = Debug|Any CPU
		{8BE19322-9043-4CCB-B5B0-7E3B8E6B9C1A}.Ad-Hoc|x86.Build.0 = Debug|Any CPU
		{8BE19322-9043-4CCB-B5B0-7E3B8E6B9C1A}.AppStore|Any CPU.ActiveCfg = Debug|Any CPU
		{8BE19322-9043-4CCB-B5B0-7E3B8E6B9C1A}.AppStore|Any CPU.Build.0 = Debug|Any CPU
		{8BE19322-9043-4CCB-B5B0-7E3B8E6B9C1A}.AppStore|ARM.ActiveCfg = Debug|Any CPU
		{8BE19322-9043-4CCB-B5B0-7E3B8E6B9C1A}.AppStore|ARM.Build.0 = Debug|Any CPU
		{8BE19322-9043-4CCB-B5B0-7E3B8E6B9C1A}.AppStore|ARM64.ActiveCfg = Debug|Any CPU
		{8BE19322-9043-4CCB-B5B0-7E3B8E6B9C1A}.AppStore|ARM64.Build.0 = Debug|Any CPU
		{8BE19322-9043-4CCB-B5B0-7E3B8E6B9C1A}.AppStore|iPhone.ActiveCfg = Debug|Any CPU
		{8BE19322-9043-4CCB-B5B0-7E3B8E6B9C1A}.AppStore|iPhone.Build.0 = Debug|Any CPU
		{8BE19322-9043-4CCB-B5B0-7E3B8E6B9C1A}.AppStore|iPhoneSimulator.ActiveCfg = Debug|Any CPU
		{8BE19322-9043-4CCB-B5B0-7E3B8E6B9C1A}.AppStore|iPhoneSimulator.Build.0 = Debug|Any CPU
		{8BE19322-9043-4CCB-B5B0-7E3B8E6B9C1A}.AppStore|x64.ActiveCfg = Debug|Any CPU
		{8BE19322-9043-4CCB-B5B0-7E3B8E6B9C1A}.AppStore|x64.Build.0 = Debug|Any CPU
		{8BE19322-9043-4CCB-B5B0-7E3B8E6B9C1A}.AppStore|x86.ActiveCfg = Debug|Any CPU
		{8BE19322-9043-4CCB-B5B0-7E3B8E6B9C1A}.AppStore|x86.Build.0 = Debug|Any CPU
		{8BE19322-9043-4CCB-B5B0-7E3B8E6B9C1A}.Debug|Any CPU.ActiveCfg = Debug|Any CPU
		{8BE19322-9043-4CCB-B5B0-7E3B8E6B9C1A}.Debug|Any CPU.Build.0 = Debug|Any CPU
		{8BE19322-9043-4CCB-B5B0-7E3B8E6B9C1A}.Debug|ARM.ActiveCfg = Debug|Any CPU
		{8BE19322-9043-4CCB-B5B0-7E3B8E6B9C1A}.Debug|ARM.Build.0 = Debug|Any CPU
		{8BE19322-9043-4CCB-B5B0-7E3B8E6B9C1A}.Debug|ARM64.ActiveCfg = Debug|Any CPU
		{8BE19322-9043-4CCB-B5B0-7E3B8E6B9C1A}.Debug|ARM64.Build.0 = Debug|Any CPU
		{8BE19322-9043-4CCB-B5B0-7E3B8E6B9C1A}.Debug|iPhone.ActiveCfg = Debug|Any CPU
		{8BE19322-9043-4CCB-B5B0-7E3B8E6B9C1A}.Debug|iPhone.Build.0 = Debug|Any CPU
		{8BE19322-9043-4CCB-B5B0-7E3B8E6B9C1A}.Debug|iPhoneSimulator.ActiveCfg = Debug|Any CPU
		{8BE19322-9043-4CCB-B5B0-7E3B8E6B9C1A}.Debug|iPhoneSimulator.Build.0 = Debug|Any CPU
		{8BE19322-9043-4CCB-B5B0-7E3B8E6B9C1A}.Debug|x64.ActiveCfg = Debug|Any CPU
		{8BE19322-9043-4CCB-B5B0-7E3B8E6B9C1A}.Debug|x64.Build.0 = Debug|Any CPU
		{8BE19322-9043-4CCB-B5B0-7E3B8E6B9C1A}.Debug|x86.ActiveCfg = Debug|Any CPU
		{8BE19322-9043-4CCB-B5B0-7E3B8E6B9C1A}.Debug|x86.Build.0 = Debug|Any CPU
		{8BE19322-9043-4CCB-B5B0-7E3B8E6B9C1A}.Release|Any CPU.ActiveCfg = Release|Any CPU
		{8BE19322-9043-4CCB-B5B0-7E3B8E6B9C1A}.Release|Any CPU.Build.0 = Release|Any CPU
		{8BE19322-9043-4CCB-B5B0-7E3B8E6B9C1A}.Release|ARM.ActiveCfg = Release|Any CPU
		{8BE19322-9043-4CCB-B5B0-7E3B8E6B9C1A}.Release|ARM.Build.0 = Release|Any CPU
		{8BE19322-9043-4CCB-B5B0-7E3B8E6B9C1A}.Release|ARM64.ActiveCfg = Release|Any CPU
		{8BE19322-9043-4CCB-B5B0-7E3B8E6B9C1A}.Release|ARM64.Build.0 = Release|Any CPU
		{8BE19322-9043-4CCB-B5B0-7E3B8E6B9C1A}.Release|iPhone.ActiveCfg = Release|Any CPU
		{8BE19322-9043-4CCB-B5B0-7E3B8E6B9C1A}.Release|iPhone.Build.0 = Release|Any CPU
		{8BE19322-9043-4CCB-B5B0-7E3B8E6B9C1A}.Release|iPhoneSimulator.ActiveCfg = Release|Any CPU
		{8BE19322-9043-4CCB-B5B0-7E3B8E6B9C1A}.Release|iPhoneSimulator.Build.0 = Release|Any CPU
		{8BE19322-9043-4CCB-B5B0-7E3B8E6B9C1A}.Release|x64.ActiveCfg = Release|Any CPU
		{8BE19322-9043-4CCB-B5B0-7E3B8E6B9C1A}.Release|x64.Build.0 = Release|Any CPU
		{8BE19322-9043-4CCB-B5B0-7E3B8E6B9C1A}.Release|x86.ActiveCfg = Release|Any CPU
		{8BE19322-9043-4CCB-B5B0-7E3B8E6B9C1A}.Release|x86.Build.0 = Release|Any CPU
		{C06F0AA6-4740-41B6-834C-6CB7C3700C52}.Ad-Hoc|Any CPU.ActiveCfg = Debug|Any CPU
		{C06F0AA6-4740-41B6-834C-6CB7C3700C52}.Ad-Hoc|Any CPU.Build.0 = Debug|Any CPU
		{C06F0AA6-4740-41B6-834C-6CB7C3700C52}.Ad-Hoc|ARM.ActiveCfg = Debug|Any CPU
		{C06F0AA6-4740-41B6-834C-6CB7C3700C52}.Ad-Hoc|ARM.Build.0 = Debug|Any CPU
		{C06F0AA6-4740-41B6-834C-6CB7C3700C52}.Ad-Hoc|ARM64.ActiveCfg = Debug|Any CPU
		{C06F0AA6-4740-41B6-834C-6CB7C3700C52}.Ad-Hoc|ARM64.Build.0 = Debug|Any CPU
		{C06F0AA6-4740-41B6-834C-6CB7C3700C52}.Ad-Hoc|iPhone.ActiveCfg = Debug|Any CPU
		{C06F0AA6-4740-41B6-834C-6CB7C3700C52}.Ad-Hoc|iPhone.Build.0 = Debug|Any CPU
		{C06F0AA6-4740-41B6-834C-6CB7C3700C52}.Ad-Hoc|iPhoneSimulator.ActiveCfg = Debug|Any CPU
		{C06F0AA6-4740-41B6-834C-6CB7C3700C52}.Ad-Hoc|iPhoneSimulator.Build.0 = Debug|Any CPU
		{C06F0AA6-4740-41B6-834C-6CB7C3700C52}.Ad-Hoc|x64.ActiveCfg = Debug|Any CPU
		{C06F0AA6-4740-41B6-834C-6CB7C3700C52}.Ad-Hoc|x64.Build.0 = Debug|Any CPU
		{C06F0AA6-4740-41B6-834C-6CB7C3700C52}.Ad-Hoc|x86.ActiveCfg = Debug|Any CPU
		{C06F0AA6-4740-41B6-834C-6CB7C3700C52}.Ad-Hoc|x86.Build.0 = Debug|Any CPU
		{C06F0AA6-4740-41B6-834C-6CB7C3700C52}.AppStore|Any CPU.ActiveCfg = Debug|Any CPU
		{C06F0AA6-4740-41B6-834C-6CB7C3700C52}.AppStore|Any CPU.Build.0 = Debug|Any CPU
		{C06F0AA6-4740-41B6-834C-6CB7C3700C52}.AppStore|ARM.ActiveCfg = Debug|Any CPU
		{C06F0AA6-4740-41B6-834C-6CB7C3700C52}.AppStore|ARM.Build.0 = Debug|Any CPU
		{C06F0AA6-4740-41B6-834C-6CB7C3700C52}.AppStore|ARM64.ActiveCfg = Debug|Any CPU
		{C06F0AA6-4740-41B6-834C-6CB7C3700C52}.AppStore|ARM64.Build.0 = Debug|Any CPU
		{C06F0AA6-4740-41B6-834C-6CB7C3700C52}.AppStore|iPhone.ActiveCfg = Debug|Any CPU
		{C06F0AA6-4740-41B6-834C-6CB7C3700C52}.AppStore|iPhone.Build.0 = Debug|Any CPU
		{C06F0AA6-4740-41B6-834C-6CB7C3700C52}.AppStore|iPhoneSimulator.ActiveCfg = Debug|Any CPU
		{C06F0AA6-4740-41B6-834C-6CB7C3700C52}.AppStore|iPhoneSimulator.Build.0 = Debug|Any CPU
		{C06F0AA6-4740-41B6-834C-6CB7C3700C52}.AppStore|x64.ActiveCfg = Debug|Any CPU
		{C06F0AA6-4740-41B6-834C-6CB7C3700C52}.AppStore|x64.Build.0 = Debug|Any CPU
		{C06F0AA6-4740-41B6-834C-6CB7C3700C52}.AppStore|x86.ActiveCfg = Debug|Any CPU
		{C06F0AA6-4740-41B6-834C-6CB7C3700C52}.AppStore|x86.Build.0 = Debug|Any CPU
		{C06F0AA6-4740-41B6-834C-6CB7C3700C52}.Debug|Any CPU.ActiveCfg = Debug|Any CPU
		{C06F0AA6-4740-41B6-834C-6CB7C3700C52}.Debug|Any CPU.Build.0 = Debug|Any CPU
		{C06F0AA6-4740-41B6-834C-6CB7C3700C52}.Debug|ARM.ActiveCfg = Debug|Any CPU
		{C06F0AA6-4740-41B6-834C-6CB7C3700C52}.Debug|ARM.Build.0 = Debug|Any CPU
		{C06F0AA6-4740-41B6-834C-6CB7C3700C52}.Debug|ARM64.ActiveCfg = Debug|Any CPU
		{C06F0AA6-4740-41B6-834C-6CB7C3700C52}.Debug|ARM64.Build.0 = Debug|Any CPU
		{C06F0AA6-4740-41B6-834C-6CB7C3700C52}.Debug|iPhone.ActiveCfg = Debug|Any CPU
		{C06F0AA6-4740-41B6-834C-6CB7C3700C52}.Debug|iPhone.Build.0 = Debug|Any CPU
		{C06F0AA6-4740-41B6-834C-6CB7C3700C52}.Debug|iPhoneSimulator.ActiveCfg = Debug|Any CPU
		{C06F0AA6-4740-41B6-834C-6CB7C3700C52}.Debug|iPhoneSimulator.Build.0 = Debug|Any CPU
		{C06F0AA6-4740-41B6-834C-6CB7C3700C52}.Debug|x64.ActiveCfg = Debug|Any CPU
		{C06F0AA6-4740-41B6-834C-6CB7C3700C52}.Debug|x64.Build.0 = Debug|Any CPU
		{C06F0AA6-4740-41B6-834C-6CB7C3700C52}.Debug|x86.ActiveCfg = Debug|Any CPU
		{C06F0AA6-4740-41B6-834C-6CB7C3700C52}.Debug|x86.Build.0 = Debug|Any CPU
		{C06F0AA6-4740-41B6-834C-6CB7C3700C52}.Release|Any CPU.ActiveCfg = Release|Any CPU
		{C06F0AA6-4740-41B6-834C-6CB7C3700C52}.Release|Any CPU.Build.0 = Release|Any CPU
		{C06F0AA6-4740-41B6-834C-6CB7C3700C52}.Release|ARM.ActiveCfg = Release|Any CPU
		{C06F0AA6-4740-41B6-834C-6CB7C3700C52}.Release|ARM.Build.0 = Release|Any CPU
		{C06F0AA6-4740-41B6-834C-6CB7C3700C52}.Release|ARM64.ActiveCfg = Release|Any CPU
		{C06F0AA6-4740-41B6-834C-6CB7C3700C52}.Release|ARM64.Build.0 = Release|Any CPU
		{C06F0AA6-4740-41B6-834C-6CB7C3700C52}.Release|iPhone.ActiveCfg = Release|Any CPU
		{C06F0AA6-4740-41B6-834C-6CB7C3700C52}.Release|iPhone.Build.0 = Release|Any CPU
		{C06F0AA6-4740-41B6-834C-6CB7C3700C52}.Release|iPhoneSimulator.ActiveCfg = Release|Any CPU
		{C06F0AA6-4740-41B6-834C-6CB7C3700C52}.Release|iPhoneSimulator.Build.0 = Release|Any CPU
		{C06F0AA6-4740-41B6-834C-6CB7C3700C52}.Release|x64.ActiveCfg = Release|Any CPU
		{C06F0AA6-4740-41B6-834C-6CB7C3700C52}.Release|x64.Build.0 = Release|Any CPU
		{C06F0AA6-4740-41B6-834C-6CB7C3700C52}.Release|x86.ActiveCfg = Release|Any CPU
		{C06F0AA6-4740-41B6-834C-6CB7C3700C52}.Release|x86.Build.0 = Release|Any CPU
		{8BBF9FEA-85B4-4B09-B01A-9F4B5AE62507}.Ad-Hoc|Any CPU.ActiveCfg = Debug|Any CPU
		{8BBF9FEA-85B4-4B09-B01A-9F4B5AE62507}.Ad-Hoc|Any CPU.Build.0 = Debug|Any CPU
		{8BBF9FEA-85B4-4B09-B01A-9F4B5AE62507}.Ad-Hoc|ARM.ActiveCfg = Debug|Any CPU
		{8BBF9FEA-85B4-4B09-B01A-9F4B5AE62507}.Ad-Hoc|ARM.Build.0 = Debug|Any CPU
		{8BBF9FEA-85B4-4B09-B01A-9F4B5AE62507}.Ad-Hoc|ARM64.ActiveCfg = Debug|Any CPU
		{8BBF9FEA-85B4-4B09-B01A-9F4B5AE62507}.Ad-Hoc|ARM64.Build.0 = Debug|Any CPU
		{8BBF9FEA-85B4-4B09-B01A-9F4B5AE62507}.Ad-Hoc|iPhone.ActiveCfg = Debug|Any CPU
		{8BBF9FEA-85B4-4B09-B01A-9F4B5AE62507}.Ad-Hoc|iPhone.Build.0 = Debug|Any CPU
		{8BBF9FEA-85B4-4B09-B01A-9F4B5AE62507}.Ad-Hoc|iPhoneSimulator.ActiveCfg = Debug|Any CPU
		{8BBF9FEA-85B4-4B09-B01A-9F4B5AE62507}.Ad-Hoc|iPhoneSimulator.Build.0 = Debug|Any CPU
		{8BBF9FEA-85B4-4B09-B01A-9F4B5AE62507}.Ad-Hoc|x64.ActiveCfg = Debug|Any CPU
		{8BBF9FEA-85B4-4B09-B01A-9F4B5AE62507}.Ad-Hoc|x64.Build.0 = Debug|Any CPU
		{8BBF9FEA-85B4-4B09-B01A-9F4B5AE62507}.Ad-Hoc|x86.ActiveCfg = Debug|Any CPU
		{8BBF9FEA-85B4-4B09-B01A-9F4B5AE62507}.Ad-Hoc|x86.Build.0 = Debug|Any CPU
		{8BBF9FEA-85B4-4B09-B01A-9F4B5AE62507}.AppStore|Any CPU.ActiveCfg = Debug|Any CPU
		{8BBF9FEA-85B4-4B09-B01A-9F4B5AE62507}.AppStore|Any CPU.Build.0 = Debug|Any CPU
		{8BBF9FEA-85B4-4B09-B01A-9F4B5AE62507}.AppStore|ARM.ActiveCfg = Debug|Any CPU
		{8BBF9FEA-85B4-4B09-B01A-9F4B5AE62507}.AppStore|ARM.Build.0 = Debug|Any CPU
		{8BBF9FEA-85B4-4B09-B01A-9F4B5AE62507}.AppStore|ARM64.ActiveCfg = Debug|Any CPU
		{8BBF9FEA-85B4-4B09-B01A-9F4B5AE62507}.AppStore|ARM64.Build.0 = Debug|Any CPU
		{8BBF9FEA-85B4-4B09-B01A-9F4B5AE62507}.AppStore|iPhone.ActiveCfg = Debug|Any CPU
		{8BBF9FEA-85B4-4B09-B01A-9F4B5AE62507}.AppStore|iPhone.Build.0 = Debug|Any CPU
		{8BBF9FEA-85B4-4B09-B01A-9F4B5AE62507}.AppStore|iPhoneSimulator.ActiveCfg = Debug|Any CPU
		{8BBF9FEA-85B4-4B09-B01A-9F4B5AE62507}.AppStore|iPhoneSimulator.Build.0 = Debug|Any CPU
		{8BBF9FEA-85B4-4B09-B01A-9F4B5AE62507}.AppStore|x64.ActiveCfg = Debug|Any CPU
		{8BBF9FEA-85B4-4B09-B01A-9F4B5AE62507}.AppStore|x64.Build.0 = Debug|Any CPU
		{8BBF9FEA-85B4-4B09-B01A-9F4B5AE62507}.AppStore|x86.ActiveCfg = Debug|Any CPU
		{8BBF9FEA-85B4-4B09-B01A-9F4B5AE62507}.AppStore|x86.Build.0 = Debug|Any CPU
		{8BBF9FEA-85B4-4B09-B01A-9F4B5AE62507}.Debug|Any CPU.ActiveCfg = Debug|Any CPU
		{8BBF9FEA-85B4-4B09-B01A-9F4B5AE62507}.Debug|Any CPU.Build.0 = Debug|Any CPU
		{8BBF9FEA-85B4-4B09-B01A-9F4B5AE62507}.Debug|ARM.ActiveCfg = Debug|Any CPU
		{8BBF9FEA-85B4-4B09-B01A-9F4B5AE62507}.Debug|ARM.Build.0 = Debug|Any CPU
		{8BBF9FEA-85B4-4B09-B01A-9F4B5AE62507}.Debug|ARM64.ActiveCfg = Debug|Any CPU
		{8BBF9FEA-85B4-4B09-B01A-9F4B5AE62507}.Debug|ARM64.Build.0 = Debug|Any CPU
		{8BBF9FEA-85B4-4B09-B01A-9F4B5AE62507}.Debug|iPhone.ActiveCfg = Debug|Any CPU
		{8BBF9FEA-85B4-4B09-B01A-9F4B5AE62507}.Debug|iPhone.Build.0 = Debug|Any CPU
		{8BBF9FEA-85B4-4B09-B01A-9F4B5AE62507}.Debug|iPhoneSimulator.ActiveCfg = Debug|Any CPU
		{8BBF9FEA-85B4-4B09-B01A-9F4B5AE62507}.Debug|iPhoneSimulator.Build.0 = Debug|Any CPU
		{8BBF9FEA-85B4-4B09-B01A-9F4B5AE62507}.Debug|x64.ActiveCfg = Debug|Any CPU
		{8BBF9FEA-85B4-4B09-B01A-9F4B5AE62507}.Debug|x64.Build.0 = Debug|Any CPU
		{8BBF9FEA-85B4-4B09-B01A-9F4B5AE62507}.Debug|x86.ActiveCfg = Debug|Any CPU
		{8BBF9FEA-85B4-4B09-B01A-9F4B5AE62507}.Debug|x86.Build.0 = Debug|Any CPU
		{8BBF9FEA-85B4-4B09-B01A-9F4B5AE62507}.Release|Any CPU.ActiveCfg = Release|Any CPU
		{8BBF9FEA-85B4-4B09-B01A-9F4B5AE62507}.Release|Any CPU.Build.0 = Release|Any CPU
		{8BBF9FEA-85B4-4B09-B01A-9F4B5AE62507}.Release|ARM.ActiveCfg = Release|Any CPU
		{8BBF9FEA-85B4-4B09-B01A-9F4B5AE62507}.Release|ARM.Build.0 = Release|Any CPU
		{8BBF9FEA-85B4-4B09-B01A-9F4B5AE62507}.Release|ARM64.ActiveCfg = Release|Any CPU
		{8BBF9FEA-85B4-4B09-B01A-9F4B5AE62507}.Release|ARM64.Build.0 = Release|Any CPU
		{8BBF9FEA-85B4-4B09-B01A-9F4B5AE62507}.Release|iPhone.ActiveCfg = Release|Any CPU
		{8BBF9FEA-85B4-4B09-B01A-9F4B5AE62507}.Release|iPhone.Build.0 = Release|Any CPU
		{8BBF9FEA-85B4-4B09-B01A-9F4B5AE62507}.Release|iPhoneSimulator.ActiveCfg = Release|Any CPU
		{8BBF9FEA-85B4-4B09-B01A-9F4B5AE62507}.Release|iPhoneSimulator.Build.0 = Release|Any CPU
		{8BBF9FEA-85B4-4B09-B01A-9F4B5AE62507}.Release|x64.ActiveCfg = Release|Any CPU
		{8BBF9FEA-85B4-4B09-B01A-9F4B5AE62507}.Release|x64.Build.0 = Release|Any CPU
		{8BBF9FEA-85B4-4B09-B01A-9F4B5AE62507}.Release|x86.ActiveCfg = Release|Any CPU
		{8BBF9FEA-85B4-4B09-B01A-9F4B5AE62507}.Release|x86.Build.0 = Release|Any CPU
	EndGlobalSection
	GlobalSection(SolutionProperties) = preSolution
		HideSolutionNode = FALSE
	EndGlobalSection
	GlobalSection(NestedProjects) = preSolution
		{86493905-F00A-4E13-B2D3-2E2D5BCEEB05} = {D606AE62-3B9D-4C90-83CA-076D81F0363A}
		{149AEC6A-535E-4BD6-999D-741D430238E8} = {D606AE62-3B9D-4C90-83CA-076D81F0363A}
		{C02F3483-4A2A-4893-B7E8-EA440479CEE8} = {D606AE62-3B9D-4C90-83CA-076D81F0363A}
		{017B8B6E-CD3F-4E57-992A-79A2B3C37DF0} = {D606AE62-3B9D-4C90-83CA-076D81F0363A}
		{7AD112FB-D5ED-4DAD-AD4A-BD6625C201C1} = {D606AE62-3B9D-4C90-83CA-076D81F0363A}
		{29C7EBD5-296F-4B43-BFE1-22EA9FE24DFC} = {D606AE62-3B9D-4C90-83CA-076D81F0363A}
		{EDF082FB-00F8-40D9-8D60-A3C11078C8D0} = {D606AE62-3B9D-4C90-83CA-076D81F0363A}
		{8BE19322-9043-4CCB-B5B0-7E3B8E6B9C1A} = {D606AE62-3B9D-4C90-83CA-076D81F0363A}
		{C06F0AA6-4740-41B6-834C-6CB7C3700C52} = {D606AE62-3B9D-4C90-83CA-076D81F0363A}
	EndGlobalSection
	GlobalSection(ExtensibilityGlobals) = postSolution
		SolutionGuid = {5D6F0C65-B2DC-4E10-B6AE-6658D76A079E}
	EndGlobalSection
EndGlobal
